github.com/Microsoft/go-winio v0.5.2 h1:a9IhgEQBCUEk6QCdml9CiJGhAws+YwffDHEMp1VMrpA=
github.com/Microsoft/go-winio v0.5.2/go.mod h1:WpS1mjBmmwHBEWmogvA2mj8546UReBk4v8QkMxJ6pZY=
github.com/Sirupsen/logrus v0.11.1-0.20161202023507-881bee4e20a5 h1:FPg0BNxd7fCpXpINIi6LVP8cD/wfE2b13A29PEsdarg=
github.com/Sirupsen/logrus v0.11.1-0.20161202023507-881bee4e20a5/go.mod h1:rmk17hk6i8ZSAJkSDa7nOxamrG+SP4P0mm+DAvExv4U=
github.com/davecgh/go-spew v1.1.1/go.mod h1:J7Y8YcW2NihsgmVo/mv3lAwl/skON4iLHjSsI+c5H38=
github.com/docker/distribution v2.6.0-rc.1.0.20161206220753-15dc1296affa+incompatible h1:FDF+9NWSYXCRxqtfCgHS4OxTMQ2jtSfSxE3DWv6n7Ws=
github.com/docker/distribution v2.6.0-rc.1.0.20161206220753-15dc1296affa+incompatible/go.mod h1:J2gT2udsDAN96Uj4KfcMRqY0/ypR+oyYUYmja8H+y+w=
github.com/docker/docker v1.4.2-0.20161207153530-8b7d0764256f h1:GYE7Ewv117lbJ24DrBk3LCx8K/aFOnQ6PlsljHJ8g0M=
github.com/docker/docker v1.4.2-0.20161207153530-8b7d0764256f/go.mod h1:eEKB0N0r5NX/I1kEveEz05bcu8tLC/8azJZsviup8Sk=
github.com/docker/engine-api v0.4.1-0.20160908232104-4290f40c0566 h1:S02HakxupRs+HZdHv6qfFfb6EDK+VZApNTYmVFppg7I=
github.com/docker/engine-api v0.4.1-0.20160908232104-4290f40c0566/go.mod h1:xtQCpzf4YysNZCVFfIGIm7qfLvYbxtLkEVVfKhTVOvw=
github.com/docker/go-connections v0.2.2-0.20161115161849-4ccf312bf1d3 h1:VCLm/lLvGr+TZrbwXZgjXIaxzWrUm3znbjmWqL6Jq8s=
github.com/docker/go-connections v0.2.2-0.20161115161849-4ccf312bf1d3/go.mod h1:Gbd7IOopHjR8Iph03tsViu4nIes5XhDvyHbTtUxmeec=
github.com/docker/go-units v0.3.2-0.20161130221531-e30f1e79f3cd h1:8QqZD610wfMBlnZ+81Fn5e7I6+OfpeS4dSWvsZouXh8=
github.com/docker/go-units v0.3.2-0.20161130221531-e30f1e79f3cd/go.mod h1:fgPhTUdO+D/Jk86RDLlptpiXQzgHJF7gydDDbaIK4Dk=
github.com/jcelliott/lumber v0.0.0-20160324203708-dd349441af25 h1:EFT6MH3igZK/dIVqgGbTqWVvkZ7wJ5iGN03SVtvvdd8=
github.com/jcelliott/lumber v0.0.0-20160324203708-dd349441af25/go.mod h1:sWkGw/wsaHtRsT9zGQ/WyJCotGWG/Anow/9hsAcBWRw=
github.com/opencontainers/runc v1.0.0-rc2.0.20161206212554-47ea5c75ebeb h1:YVHIfUQWEL6dvlZ3YPxpXt5sz4W5uFuy+FW4FB2Mxnc=
github.com/opencontainers/runc v1.0.0-rc2.0.20161206212554-47ea5c75ebeb/go.mod h1:qT5XzbpPznkRYVz/mWwUaVBUv2rmF59PVA73FjuZG0U=
github.com/pmezard/go-difflib v1.0.0/go.mod h1:iKH77koFhYxTK1pcRnkKkqfTogsbg7gZNVY4sRDYZ/4=
github.com/sirupsen/logrus v1.7.0/go.mod h1:yWOB1SBYBC5VeMP7gHvWumXLIWorT60ONWic61uBYv0=
github.com/stretchr/testify v1.2.2/go.mod h1:a8OnRcib4nhh0OaRAV+Yts87kKdq0PP7pXfy6kDkUVs=
golang.org/x/net v0.0.0-20161207010802-9773060888fb h1:1Jw3JtEjmDQ6CWGRvZYLb8IGbP/2S2MSFB60R2YG9Oc=
golang.org/x/net v0.0.0-20161207010802-9773060888fb/go.mod h1:mL1N/T3taQHkDXs73rZJwtUhF3w3ftmwwsq0BUmARs4=
golang.org/x/sys v0.0.0-20191026070338-33540a1f6037/go.mod h1:h1NjWce9XRLGQEsW7wpKNCjG9DtNlClVuFLEZdDNbEs=
golang.org/x/sys v0.0.0-20210124154548-22da62e12c0c/go.mod h1:h1NjWce9XRLGQEsW7wpKNCjG9DtNlClVuFLEZdDNbEs=
golang.org/x/sys v0.0.0-20220222200937-f2425489ef4c h1:sSIdNI2Dd6vGv47bKc/xArpfxVmEz2+3j0E6I484xC4=
golang.org/x/sys v0.0.0-20220222200937-f2425489ef4c/go.mod h1:oPkhp1MJrh7nUepCBck5+mAzfO9JrbApNNgaTdGDITg=
